// !$*UTF8*$!
{
	archiveVersion = 1;
	classes = {
	};
	objectVersion = 48;
	objects = {

/* Begin PBXBuildFile section */
		1769BCFD20032E6C001EDB9A /* AppDelegate.swift in Sources */ = {isa = PBXBuildFile; fileRef = 1769BCFC20032E6C001EDB9A /* AppDelegate.swift */; };
		1769BCFF20032E6C001EDB9A /* ViewController.swift in Sources */ = {isa = PBXBuildFile; fileRef = 1769BCFE20032E6C001EDB9A /* ViewController.swift */; };
		1769BD0220032E6C001EDB9A /* Main.storyboard in Resources */ = {isa = PBXBuildFile; fileRef = 1769BD0020032E6C001EDB9A /* Main.storyboard */; };
		1769BD0420032E6C001EDB9A /* Assets.xcassets in Resources */ = {isa = PBXBuildFile; fileRef = 1769BD0320032E6C001EDB9A /* Assets.xcassets */; };
		1769BD0720032E6C001EDB9A /* LaunchScreen.storyboard in Resources */ = {isa = PBXBuildFile; fileRef = 1769BD0520032E6C001EDB9A /* LaunchScreen.storyboard */; };
		1769BD1220032E6C001EDB9A /* HelloTests.swift in Sources */ = {isa = PBXBuildFile; fileRef = 1769BD1120032E6C001EDB9A /* HelloTests.swift */; };
		1769BD1D20032E6C001EDB9A /* HelloUITests.swift in Sources */ = {isa = PBXBuildFile; fileRef = 1769BD1C20032E6C001EDB9A /* HelloUITests.swift */; };
/* End PBXBuildFile section */

/* Begin PBXContainerItemProxy section */
		1769BD0E20032E6C001EDB9A /* PBXContainerItemProxy */ = {
			isa = PBXContainerItemProxy;
			containerPortal = 1769BCF120032E6C001EDB9A /* Project object */;
			proxyType = 1;
			remoteGlobalIDString = 1769BCF820032E6C001EDB9A;
			remoteInfo = Hello;
		};
		1769BD1920032E6C001EDB9A /* PBXContainerItemProxy */ = {
			isa = PBXContainerItemProxy;
			containerPortal = 1769BCF120032E6C001EDB9A /* Project object */;
			proxyType = 1;
			remoteGlobalIDString = 1769BCF820032E6C001EDB9A;
			remoteInfo = Hello;
		};
/* End PBXContainerItemProxy section */

/* Begin PBXFileReference section */
		1769BCF920032E6C001EDB9A /* Hello.app */ = {isa = PBXFileReference; explicitFileType = wrapper.application; includeInIndex = 0; path = Hello.app; sourceTree = BUILT_PRODUCTS_DIR; };
		1769BCFC20032E6C001EDB9A /* AppDelegate.swift */ = {isa = PBXFileReference; lastKnownFileType = sourcecode.swift; path = AppDelegate.swift; sourceTree = "<group>"; };
		1769BCFE20032E6C001EDB9A /* ViewController.swift */ = {isa = PBXFileReference; lastKnownFileType = sourcecode.swift; path = ViewController.swift; sourceTree = "<group>"; };
		1769BD0120032E6C001EDB9A /* Base */ = {isa = PBXFileReference; lastKnownFileType = file.storyboard; name = Base; path = Base.lproj/Main.storyboard; sourceTree = "<group>"; };
		1769BD0320032E6C001EDB9A /* Assets.xcassets */ = {isa = PBXFileReference; lastKnownFileType = folder.assetcatalog; path = Assets.xcassets; sourceTree = "<group>"; };
		1769BD0620032E6C001EDB9A /* Base */ = {isa = PBXFileReference; lastKnownFileType = file.storyboard; name = Base; path = Base.lproj/LaunchScreen.storyboard; sourceTree = "<group>"; };
		1769BD0820032E6C001EDB9A /* Info.plist */ = {isa = PBXFileReference; lastKnownFileType = text.plist.xml; path = Info.plist; sourceTree = "<group>"; };
		1769BD0D20032E6C001EDB9A /* HelloTests.xctest */ = {isa = PBXFileReference; explicitFileType = wrapper.cfbundle; includeInIndex = 0; path = HelloTests.xctest; sourceTree = BUILT_PRODUCTS_DIR; };
		1769BD1120032E6C001EDB9A /* HelloTests.swift */ = {isa = PBXFileReference; lastKnownFileType = sourcecode.swift; path = HelloTests.swift; sourceTree = "<group>"; };
		1769BD1320032E6C001EDB9A /* Info.plist */ = {isa = PBXFileReference; lastKnownFileType = text.plist.xml; path = Info.plist; sourceTree = "<group>"; };
		1769BD1820032E6C001EDB9A /* HelloUITests.xctest */ = {isa = PBXFileReference; explicitFileType = wrapper.cfbundle; includeInIndex = 0; path = HelloUITests.xctest; sourceTree = BUILT_PRODUCTS_DIR; };
		1769BD1C20032E6C001EDB9A /* HelloUITests.swift */ = {isa = PBXFileReference; lastKnownFileType = sourcecode.swift; path = HelloUITests.swift; sourceTree = "<group>"; };
		1769BD1E20032E6C001EDB9A /* Info.plist */ = {isa = PBXFileReference; lastKnownFileType = text.plist.xml; path = Info.plist; sourceTree = "<group>"; };
/* End PBXFileReference section */

/* Begin PBXFrameworksBuildPhase section */
		1769BCF620032E6C001EDB9A /* Frameworks */ = {
			isa = PBXFrameworksBuildPhase;
			buildActionMask = 2147483647;
			files = (
			);
			runOnlyForDeploymentPostprocessing = 0;
		};
		1769BD0A20032E6C001EDB9A /* Frameworks */ = {
			isa = PBXFrameworksBuildPhase;
			buildActionMask = 2147483647;
			files = (
			);
			runOnlyForDeploymentPostprocessing = 0;
		};
		1769BD1520032E6C001EDB9A /* Frameworks */ = {
			isa = PBXFrameworksBuildPhase;
			buildActionMask = 2147483647;
			files = (
			);
			runOnlyForDeploymentPostprocessing = 0;
		};
/* End PBXFrameworksBuildPhase section */

/* Begin PBXGroup section */
		1769BCF020032E6C001EDB9A = {
			isa = PBXGroup;
			children = (
				1769BCFB20032E6C001EDB9A /* Hello */,
				1769BD1020032E6C001EDB9A /* HelloTests */,
				1769BD1B20032E6C001EDB9A /* HelloUITests */,
				1769BCFA20032E6C001EDB9A /* Products */,
			);
			sourceTree = "<group>";
		};
		1769BCFA20032E6C001EDB9A /* Products */ = {
			isa = PBXGroup;
			children = (
				1769BCF920032E6C001EDB9A /* Hello.app */,
				1769BD0D20032E6C001EDB9A /* HelloTests.xctest */,
				1769BD1820032E6C001EDB9A /* HelloUITests.xctest */,
			);
			name = Products;
			sourceTree = "<group>";
		};
		1769BCFB20032E6C001EDB9A /* Hello */ = {
			isa = PBXGroup;
			children = (
				1769BCFC20032E6C001EDB9A /* AppDelegate.swift */,
				1769BCFE20032E6C001EDB9A /* ViewController.swift */,
				1769BD0020032E6C001EDB9A /* Main.storyboard */,
				1769BD0320032E6C001EDB9A /* Assets.xcassets */,
				1769BD0520032E6C001EDB9A /* LaunchScreen.storyboard */,
				1769BD0820032E6C001EDB9A /* Info.plist */,
			);
			path = Hello;
			sourceTree = "<group>";
		};
		1769BD1020032E6C001EDB9A /* HelloTests */ = {
			isa = PBXGroup;
			children = (
				1769BD1120032E6C001EDB9A /* HelloTests.swift */,
				1769BD1320032E6C001EDB9A /* Info.plist */,
			);
			path = HelloTests;
			sourceTree = "<group>";
		};
		1769BD1B20032E6C001EDB9A /* HelloUITests */ = {
			isa = PBXGroup;
			children = (
				1769BD1C20032E6C001EDB9A /* HelloUITests.swift */,
				1769BD1E20032E6C001EDB9A /* Info.plist */,
			);
			path = HelloUITests;
			sourceTree = "<group>";
		};
/* End PBXGroup section */

/* Begin PBXNativeTarget section */
		1769BCF820032E6C001EDB9A /* Hello */ = {
			isa = PBXNativeTarget;
			buildConfigurationList = 1769BD2120032E6C001EDB9A /* Build configuration list for PBXNativeTarget "Hello" */;
			buildPhases = (
				1769BCF520032E6C001EDB9A /* Sources */,
				1769BCF620032E6C001EDB9A /* Frameworks */,
				1769BCF720032E6C001EDB9A /* Resources */,
			);
			buildRules = (
			);
			dependencies = (
			);
			name = Hello;
			productName = Hello;
			productReference = 1769BCF920032E6C001EDB9A /* Hello.app */;
			productType = "com.apple.product-type.application";
		};
		1769BD0C20032E6C001EDB9A /* HelloTests */ = {
			isa = PBXNativeTarget;
			buildConfigurationList = 1769BD2420032E6C001EDB9A /* Build configuration list for PBXNativeTarget "HelloTests" */;
			buildPhases = (
				1769BD0920032E6C001EDB9A /* Sources */,
				1769BD0A20032E6C001EDB9A /* Frameworks */,
				1769BD0B20032E6C001EDB9A /* Resources */,
			);
			buildRules = (
			);
			dependencies = (
				1769BD0F20032E6C001EDB9A /* PBXTargetDependency */,
			);
			name = HelloTests;
			productName = HelloTests;
			productReference = 1769BD0D20032E6C001EDB9A /* HelloTests.xctest */;
			productType = "com.apple.product-type.bundle.unit-test";
		};
		1769BD1720032E6C001EDB9A /* HelloUITests */ = {
			isa = PBXNativeTarget;
			buildConfigurationList = 1769BD2720032E6C001EDB9A /* Build configuration list for PBXNativeTarget "HelloUITests" */;
			buildPhases = (
				1769BD1420032E6C001EDB9A /* Sources */,
				1769BD1520032E6C001EDB9A /* Frameworks */,
				1769BD1620032E6C001EDB9A /* Resources */,
			);
			buildRules = (
			);
			dependencies = (
				1769BD1A20032E6C001EDB9A /* PBXTargetDependency */,
			);
			name = HelloUITests;
			productName = HelloUITests;
			productReference = 1769BD1820032E6C001EDB9A /* HelloUITests.xctest */;
			productType = "com.apple.product-type.bundle.ui-testing";
		};
/* End PBXNativeTarget section */

/* Begin PBXProject section */
		1769BCF120032E6C001EDB9A /* Project object */ = {
			isa = PBXProject;
			attributes = {
				LastSwiftUpdateCheck = 0920;
				LastUpgradeCheck = 0920;
				ORGANIZATIONNAME = "Connor Hawthorne";
				TargetAttributes = {
					1769BCF820032E6C001EDB9A = {
						CreatedOnToolsVersion = 9.2;
						ProvisioningStyle = Automatic;
					};
					1769BD0C20032E6C001EDB9A = {
						CreatedOnToolsVersion = 9.2;
						ProvisioningStyle = Automatic;
						TestTargetID = 1769BCF820032E6C001EDB9A;
					};
					1769BD1720032E6C001EDB9A = {
						CreatedOnToolsVersion = 9.2;
						ProvisioningStyle = Automatic;
						TestTargetID = 1769BCF820032E6C001EDB9A;
					};
				};
			};
			buildConfigurationList = 1769BCF420032E6C001EDB9A /* Build configuration list for PBXProject "Hello" */;
			compatibilityVersion = "Xcode 8.0";
			developmentRegion = en;
			hasScannedForEncodings = 0;
			knownRegions = (
				en,
				Base,
			);
			mainGroup = 1769BCF020032E6C001EDB9A;
			productRefGroup = 1769BCFA20032E6C001EDB9A /* Products */;
			projectDirPath = "";
			projectRoot = "";
			targets = (
				1769BCF820032E6C001EDB9A /* Hello */,
				1769BD0C20032E6C001EDB9A /* HelloTests */,
				1769BD1720032E6C001EDB9A /* HelloUITests */,
			);
		};
/* End PBXProject section */

/* Begin PBXResourcesBuildPhase section */
		1769BCF720032E6C001EDB9A /* Resources */ = {
			isa = PBXResourcesBuildPhase;
			buildActionMask = 2147483647;
			files = (
				1769BD0720032E6C001EDB9A /* LaunchScreen.storyboard in Resources */,
				1769BD0420032E6C001EDB9A /* Assets.xcassets in Resources */,
				1769BD0220032E6C001EDB9A /* Main.storyboard in Resources */,
			);
			runOnlyForDeploymentPostprocessing = 0;
		};
		1769BD0B20032E6C001EDB9A /* Resources */ = {
			isa = PBXResourcesBuildPhase;
			buildActionMask = 2147483647;
			files = (
			);
			runOnlyForDeploymentPostprocessing = 0;
		};
		1769BD1620032E6C001EDB9A /* Resources */ = {
			isa = PBXResourcesBuildPhase;
			buildActionMask = 2147483647;
			files = (
			);
			runOnlyForDeploymentPostprocessing = 0;
		};
/* End PBXResourcesBuildPhase section */

/* Begin PBXSourcesBuildPhase section */
		1769BCF520032E6C001EDB9A /* Sources */ = {
			isa = PBXSourcesBuildPhase;
			buildActionMask = 2147483647;
			files = (
				1769BCFF20032E6C001EDB9A /* ViewController.swift in Sources */,
				1769BCFD20032E6C001EDB9A /* AppDelegate.swift in Sources */,
			);
			runOnlyForDeploymentPostprocessing = 0;
		};
		1769BD0920032E6C001EDB9A /* Sources */ = {
			isa = PBXSourcesBuildPhase;
			buildActionMask = 2147483647;
			files = (
				1769BD1220032E6C001EDB9A /* HelloTests.swift in Sources */,
			);
			runOnlyForDeploymentPostprocessing = 0;
		};
		1769BD1420032E6C001EDB9A /* Sources */ = {
			isa = PBXSourcesBuildPhase;
			buildActionMask = 2147483647;
			files = (
				1769BD1D20032E6C001EDB9A /* HelloUITests.swift in Sources */,
			);
			runOnlyForDeploymentPostprocessing = 0;
		};
/* End PBXSourcesBuildPhase section */

/* Begin PBXTargetDependency section */
		1769BD0F20032E6C001EDB9A /* PBXTargetDependency */ = {
			isa = PBXTargetDependency;
			target = 1769BCF820032E6C001EDB9A /* Hello */;
			targetProxy = 1769BD0E20032E6C001EDB9A /* PBXContainerItemProxy */;
		};
		1769BD1A20032E6C001EDB9A /* PBXTargetDependency */ = {
			isa = PBXTargetDependency;
			target = 1769BCF820032E6C001EDB9A /* Hello */;
			targetProxy = 1769BD1920032E6C001EDB9A /* PBXContainerItemProxy */;
		};
/* End PBXTargetDependency section */

/* Begin PBXVariantGroup section */
		1769BD0020032E6C001EDB9A /* Main.storyboard */ = {
			isa = PBXVariantGroup;
			children = (
				1769BD0120032E6C001EDB9A /* Base */,
			);
			name = Main.storyboard;
			sourceTree = "<group>";
		};
		1769BD0520032E6C001EDB9A /* LaunchScreen.storyboard */ = {
			isa = PBXVariantGroup;
			children = (
				1769BD0620032E6C001EDB9A /* Base */,
			);
			name = LaunchScreen.storyboard;
			sourceTree = "<group>";
		};
/* End PBXVariantGroup section */

/* Begin XCBuildConfiguration section */
		1769BD1F20032E6C001EDB9A /* Debug */ = {
			isa = XCBuildConfiguration;
			buildSettings = {
				ALWAYS_SEARCH_USER_PATHS = NO;
				CLANG_ANALYZER_NONNULL = YES;
				CLANG_ANALYZER_NUMBER_OBJECT_CONVERSION = YES_AGGRESSIVE;
				CLANG_CXX_LANGUAGE_STANDARD = "gnu++14";
				CLANG_CXX_LIBRARY = "libc++";
				CLANG_ENABLE_MODULES = YES;
				CLANG_ENABLE_OBJC_ARC = YES;
				CLANG_WARN_BLOCK_CAPTURE_AUTORELEASING = YES;
				CLANG_WARN_BOOL_CONVERSION = YES;
				CLANG_WARN_COMMA = YES;
				CLANG_WARN_CONSTANT_CONVERSION = YES;
				CLANG_WARN_DIRECT_OBJC_ISA_USAGE = YES_ERROR;
				CLANG_WARN_DOCUMENTATION_COMMENTS = YES;
				CLANG_WARN_EMPTY_BODY = YES;
				CLANG_WARN_ENUM_CONVERSION = YES;
				CLANG_WARN_INFINITE_RECURSION = YES;
				CLANG_WARN_INT_CONVERSION = YES;
				CLANG_WARN_NON_LITERAL_NULL_CONVERSION = YES;
				CLANG_WARN_OBJC_LITERAL_CONVERSION = YES;
				CLANG_WARN_OBJC_ROOT_CLASS = YES_ERROR;
				CLANG_WARN_RANGE_LOOP_ANALYSIS = YES;
				CLANG_WARN_STRICT_PROTOTYPES = YES;
				CLANG_WARN_SUSPICIOUS_MOVE = YES;
				CLANG_WARN_UNGUARDED_AVAILABILITY = YES_AGGRESSIVE;
				CLANG_WARN_UNREACHABLE_CODE = YES;
				CLANG_WARN__DUPLICATE_METHOD_MATCH = YES;
				CODE_SIGN_IDENTITY = "iPhone Developer";
				COPY_PHASE_STRIP = NO;
				DEBUG_INFORMATION_FORMAT = dwarf;
				ENABLE_STRICT_OBJC_MSGSEND = YES;
				ENABLE_TESTABILITY = YES;
				GCC_C_LANGUAGE_STANDARD = gnu11;
				GCC_DYNAMIC_NO_PIC = NO;
				GCC_NO_COMMON_BLOCKS = YES;
				GCC_OPTIMIZATION_LEVEL = 0;
				GCC_PREPROCESSOR_DEFINITIONS = (
					"DEBUG=1",
					"$(inherited)",
				);
				GCC_WARN_64_TO_32_BIT_CONVERSION = YES;
				GCC_WARN_ABOUT_RETURN_TYPE = YES_ERROR;
				GCC_WARN_UNDECLARED_SELECTOR = YES;
				GCC_WARN_UNINITIALIZED_AUTOS = YES_AGGRESSIVE;
				GCC_WARN_UNUSED_FUNCTION = YES;
				GCC_WARN_UNUSED_VARIABLE = YES;
				IPHONEOS_DEPLOYMENT_TARGET = 11.2;
				MTL_ENABLE_DEBUG_INFO = YES;
				ONLY_ACTIVE_ARCH = YES;
				SDKROOT = iphoneos;
				SWIFT_ACTIVE_COMPILATION_CONDITIONS = DEBUG;
				SWIFT_OPTIMIZATION_LEVEL = "-Onone";
			};
			name = Debug;
		};
		1769BD2020032E6C001EDB9A /* Release */ = {
			isa = XCBuildConfiguration;
			buildSettings = {
				ALWAYS_SEARCH_USER_PATHS = NO;
				CLANG_ANALYZER_NONNULL = YES;
				CLANG_ANALYZER_NUMBER_OBJECT_CONVERSION = YES_AGGRESSIVE;
				CLANG_CXX_LANGUAGE_STANDARD = "gnu++14";
				CLANG_CXX_LIBRARY = "libc++";
				CLANG_ENABLE_MODULES = YES;
				CLANG_ENABLE_OBJC_ARC = YES;
				CLANG_WARN_BLOCK_CAPTURE_AUTORELEASING = YES;
				CLANG_WARN_BOOL_CONVERSION = YES;
				CLANG_WARN_COMMA = YES;
				CLANG_WARN_CONSTANT_CONVERSION = YES;
				CLANG_WARN_DIRECT_OBJC_ISA_USAGE = YES_ERROR;
				CLANG_WARN_DOCUMENTATION_COMMENTS = YES;
				CLANG_WARN_EMPTY_BODY = YES;
				CLANG_WARN_ENUM_CONVERSION = YES;
				CLANG_WARN_INFINITE_RECURSION = YES;
				CLANG_WARN_INT_CONVERSION = YES;
				CLANG_WARN_NON_LITERAL_NULL_CONVERSION = YES;
				CLANG_WARN_OBJC_LITERAL_CONVERSION = YES;
				CLANG_WARN_OBJC_ROOT_CLASS = YES_ERROR;
				CLANG_WARN_RANGE_LOOP_ANALYSIS = YES;
				CLANG_WARN_STRICT_PROTOTYPES = YES;
				CLANG_WARN_SUSPICIOUS_MOVE = YES;
				CLANG_WARN_UNGUARDED_AVAILABILITY = YES_AGGRESSIVE;
				CLANG_WARN_UNREACHABLE_CODE = YES;
				CLANG_WARN__DUPLICATE_METHOD_MATCH = YES;
				CODE_SIGN_IDENTITY = "iPhone Developer";
				COPY_PHASE_STRIP = NO;
				DEBUG_INFORMATION_FORMAT = "dwarf-with-dsym";
				ENABLE_NS_ASSERTIONS = NO;
				ENABLE_STRICT_OBJC_MSGSEND = YES;
				GCC_C_LANGUAGE_STANDARD = gnu11;
				GCC_NO_COMMON_BLOCKS = YES;
				GCC_WARN_64_TO_32_BIT_CONVERSION = YES;
				GCC_WARN_ABOUT_RETURN_TYPE = YES_ERROR;
				GCC_WARN_UNDECLARED_SELECTOR = YES;
				GCC_WARN_UNINITIALIZED_AUTOS = YES_AGGRESSIVE;
				GCC_WARN_UNUSED_FUNCTION = YES;
				GCC_WARN_UNUSED_VARIABLE = YES;
				IPHONEOS_DEPLOYMENT_TARGET = 11.2;
				MTL_ENABLE_DEBUG_INFO = NO;
				SDKROOT = iphoneos;
				SWIFT_OPTIMIZATION_LEVEL = "-Owholemodule";
				VALIDATE_PRODUCT = YES;
			};
			name = Release;
		};
		1769BD2220032E6C001EDB9A /* Debug */ = {
			isa = XCBuildConfiguration;
			buildSettings = {
				ASSETCATALOG_COMPILER_APPICON_NAME = AppIcon;
				CODE_SIGN_STYLE = Automatic;
				INFOPLIST_FILE = Hello/Info.plist;
				LD_RUNPATH_SEARCH_PATHS = "$(inherited) @executable_path/Frameworks";
				PRODUCT_BUNDLE_IDENTIFIER = uw.washington.edu.Hello;
				PRODUCT_NAME = "$(TARGET_NAME)";
				SWIFT_VERSION = 4.0;
				TARGETED_DEVICE_FAMILY = "1,2";
			};
			name = Debug;
		};
		1769BD2320032E6C001EDB9A /* Release */ = {
			isa = XCBuildConfiguration;
			buildSettings = {
				ASSETCATALOG_COMPILER_APPICON_NAME = AppIcon;
				CODE_SIGN_STYLE = Automatic;
				INFOPLIST_FILE = Hello/Info.plist;
				LD_RUNPATH_SEARCH_PATHS = "$(inherited) @executable_path/Frameworks";
				PRODUCT_BUNDLE_IDENTIFIER = uw.washington.edu.Hello;
				PRODUCT_NAME = "$(TARGET_NAME)";
				SWIFT_VERSION = 4.0;
				TARGETED_DEVICE_FAMILY = "1,2";
			};
			name = Release;
		};
		1769BD2520032E6C001EDB9A /* Debug */ = {
			isa = XCBuildConfiguration;
			buildSettings = {
				ALWAYS_EMBED_SWIFT_STANDARD_LIBRARIES = YES;
				BUNDLE_LOADER = "$(TEST_HOST)";
				CODE_SIGN_STYLE = Automatic;
				INFOPLIST_FILE = HelloTests/Info.plist;
				LD_RUNPATH_SEARCH_PATHS = "$(inherited) @executable_path/Frameworks @loader_path/Frameworks";
				PRODUCT_BUNDLE_IDENTIFIER = uw.washington.edu.HelloTests;
				PRODUCT_NAME = "$(TARGET_NAME)";
				SWIFT_VERSION = 4.0;
				TARGETED_DEVICE_FAMILY = "1,2";
				TEST_HOST = "$(BUILT_PRODUCTS_DIR)/Hello.app/Hello";
			};
			name = Debug;
		};
		1769BD2620032E6C001EDB9A /* Release */ = {
			isa = XCBuildConfiguration;
			buildSettings = {
				ALWAYS_EMBED_SWIFT_STANDARD_LIBRARIES = YES;
				BUNDLE_LOADER = "$(TEST_HOST)";
				CODE_SIGN_STYLE = Automatic;
				INFOPLIST_FILE = HelloTests/Info.plist;
				LD_RUNPATH_SEARCH_PATHS = "$(inherited) @executable_path/Frameworks @loader_path/Frameworks";
				PRODUCT_BUNDLE_IDENTIFIER = uw.washington.edu.HelloTests;
				PRODUCT_NAME = "$(TARGET_NAME)";
				SWIFT_VERSION = 4.0;
				TARGETED_DEVICE_FAMILY = "1,2";
				TEST_HOST = "$(BUILT_PRODUCTS_DIR)/Hello.app/Hello";
			};
			name = Release;
		};
		1769BD2820032E6C001EDB9A /* Debug */ = {
			isa = XCBuildConfiguration;
			buildSettings = {
				ALWAYS_EMBED_SWIFT_STANDARD_LIBRARIES = YES;
				CODE_SIGN_STYLE = Automatic;
				INFOPLIST_FILE = HelloUITests/Info.plist;
				LD_RUNPATH_SEARCH_PATHS = "$(inherited) @executable_path/Frameworks @loader_path/Frameworks";
				PRODUCT_BUNDLE_IDENTIFIER = uw.washington.edu.HelloUITests;
				PRODUCT_NAME = "$(TARGET_NAME)";
				SWIFT_VERSION = 4.0;
				TARGETED_DEVICE_FAMILY = "1,2";
				TEST_TARGET_NAME = Hello;
			};
			name = Debug;
		};
		1769BD2920032E6C001EDB9A /* Release */ = {
			isa = XCBuildConfiguration;
			buildSettings = {
				ALWAYS_EMBED_SWIFT_STANDARD_LIBRARIES = YES;
				CODE_SIGN_STYLE = Automatic;
				INFOPLIST_FILE = HelloUITests/Info.plist;
				LD_RUNPATH_SEARCH_PATHS = "$(inherited) @executable_path/Frameworks @loader_path/Frameworks";
				PRODUCT_BUNDLE_IDENTIFIER = uw.washington.edu.HelloUITests;
				PRODUCT_NAME = "$(TARGET_NAME)";
				SWIFT_VERSION = 4.0;
				TARGETED_DEVICE_FAMILY = "1,2";
				TEST_TARGET_NAME = Hello;
			};
			name = Release;
		};
/* End XCBuildConfiguration section */

/* Begin XCConfigurationList section */
		1769BCF420032E6C001EDB9A /* Build configuration list for PBXProject "Hello" */ = {
			isa = XCConfigurationList;
			buildConfigurations = (
				1769BD1F20032E6C001EDB9A /* Debug */,
				1769BD2020032E6C001EDB9A /* Release */,
			);
			defaultConfigurationIsVisible = 0;
			defaultConfigurationName = Release;
		};
		1769BD2120032E6C001EDB9A /* Build configuration list for PBXNativeTarget "Hello" */ = {
			isa = XCConfigurationList;
			buildConfigurations = (
				1769BD2220032E6C001EDB9A /* Debug */,
				1769BD2320032E6C001EDB9A /* Release */,
			);
			defaultConfigurationIsVisible = 0;
			defaultConfigurationName = Release;
		};
		1769BD2420032E6C001EDB9A /* Build configuration list for PBXNativeTarget "HelloTests" */ = {
			isa = XCConfigurationList;
			buildConfigurations = (
				1769BD2520032E6C001EDB9A /* Debug */,
				1769BD2620032E6C001EDB9A /* Release */,
			);
			defaultConfigurationIsVisible = 0;
			defaultConfigurationName = Release;
		};
		1769BD2720032E6C001EDB9A /* Build configuration list for PBXNativeTarget "HelloUITests" */ = {
			isa = XCConfigurationList;
			buildConfigurations = (
				1769BD2820032E6C001EDB9A /* Debug */,
				1769BD2920032E6C001EDB9A /* Release */,
			);
			defaultConfigurationIsVisible = 0;
			defaultConfigurationName = Release;
		};
/* End XCConfigurationList section */
	};
	rootObject = 1769BCF120032E6C001EDB9A /* Project object */;
}
